github.com/MihailShev/algo-tester v0.0.6 h1:y5Ggotc1pvTBfHpP72oZ0vnVxze9IGiRc7N4l5+7dUw=
github.com/MihailShev/algo-tester v0.0.6/go.mod h1:OEO1DZ/8Ys8jjLpSSllPUuaaz0EyzeM7/TCA+blOOA4=
github.com/MihailShev/algo-tester v0.0.7 h1:V/eU+7Wn0ymPtCBDy91kClsWKzOYZOU41kzQxt5raJw=
github.com/MihailShev/algo-tester v0.0.7/go.mod h1:OEO1DZ/8Ys8jjLpSSllPUuaaz0EyzeM7/TCA+blOOA4=
